// !$*UTF8*$!
{
	archiveVersion = 1;
	classes = {
	};
	objectVersion = 56;
	objects = {

/* Begin PBXBuildFile section */
		000000000000000000000040 /* MealCubeTrackerApp.swift in Sources */ = {isa = PBXBuildFile; fileRef = 000000000000000000000020 /* MealCubeTrackerApp.swift */; };
		000000000000000000000041 /* Enums.swift in Sources */ = {isa = PBXBuildFile; fileRef = 000000000000000000000021 /* Enums.swift */; };
		000000000000000000000042 /* FoodItem.swift in Sources */ = {isa = PBXBuildFile; fileRef = 000000000000000000000022 /* FoodItem.swift */; };
		000000000000000000000043 /* Recipe.swift in Sources */ = {isa = PBXBuildFile; fileRef = 000000000000000000000023 /* Recipe.swift */; };
		000000000000000000000044 /* FreezerItem.swift in Sources */ = {isa = PBXBuildFile; fileRef = 000000000000000000000024 /* FreezerItem.swift */; };
		000000000000000000000045 /* MealPlanEntry.swift in Sources */ = {isa = PBXBuildFile; fileRef = 000000000000000000000025 /* MealPlanEntry.swift */; };
		000000000000000000000046 /* StarterData.swift in Sources */ = {isa = PBXBuildFile; fileRef = 000000000000000000000026 /* StarterData.swift */; };
		000000000000000000000047 /* PreviewData.swift in Sources */ = {isa = PBXBuildFile; fileRef = 000000000000000000000027 /* PreviewData.swift */; };
		000000000000000000000048 /* AppRootView.swift in Sources */ = {isa = PBXBuildFile; fileRef = 000000000000000000000028 /* AppRootView.swift */; };
		000000000000000000000049 /* SharedViews.swift in Sources */ = {isa = PBXBuildFile; fileRef = 000000000000000000000029 /* SharedViews.swift */; };
		00000000000000000000004A /* DashboardView.swift in Sources */ = {isa = PBXBuildFile; fileRef = 00000000000000000000002A /* DashboardView.swift */; };
		00000000000000000000004B /* SettingsView.swift in Sources */ = {isa = PBXBuildFile; fileRef = 00000000000000000000002B /* SettingsView.swift */; };
		00000000000000000000004C /* FoodsView.swift in Sources */ = {isa = PBXBuildFile; fileRef = 00000000000000000000002C /* FoodsView.swift */; };
		00000000000000000000004D /* FoodFormView.swift in Sources */ = {isa = PBXBuildFile; fileRef = 00000000000000000000002D /* FoodFormView.swift */; };
		00000000000000000000004E /* RecipesView.swift in Sources */ = {isa = PBXBuildFile; fileRef = 00000000000000000000002E /* RecipesView.swift */; };
		00000000000000000000004F /* RecipeDetailView.swift in Sources */ = {isa = PBXBuildFile; fileRef = 00000000000000000000002F /* RecipeDetailView.swift */; };
		000000000000000000000050 /* RecipeFormView.swift in Sources */ = {isa = PBXBuildFile; fileRef = 000000000000000000000030 /* RecipeFormView.swift */; };
		000000000000000000000051 /* FreezerView.swift in Sources */ = {isa = PBXBuildFile; fileRef = 000000000000000000000031 /* FreezerView.swift */; };
		000000000000000000000052 /* FreezerFormView.swift in Sources */ = {isa = PBXBuildFile; fileRef = 000000000000000000000032 /* FreezerFormView.swift */; };
		000000000000000000000053 /* MealPlanView.swift in Sources */ = {isa = PBXBuildFile; fileRef = 000000000000000000000033 /* MealPlanView.swift */; };
		000000000000000000000054 /* MealPlanFormView.swift in Sources */ = {isa = PBXBuildFile; fileRef = 000000000000000000000034 /* MealPlanFormView.swift */; };
		000000000000000000000055 /* mealcube-hero.png in Resources */ = {isa = PBXBuildFile; fileRef = 000000000000000000000036 /* mealcube-hero.png */; };
		000000000000000000000056 /* cube-trays.png in Resources */ = {isa = PBXBuildFile; fileRef = 000000000000000000000037 /* cube-trays.png */; };
		000000000000000000000057 /* bowl-plan.png in Resources */ = {isa = PBXBuildFile; fileRef = 000000000000000000000038 /* bowl-plan.png */; };
/* End PBXBuildFile section */

/* Begin PBXFileReference section */
		000000000000000000000002 /* MealCubeTracker.app */ = {isa = PBXFileReference; explicitFileType = wrapper.application; includeInIndex = 0; path = MealCubeTracker.app; sourceTree = BUILT_PRODUCTS_DIR; };
		000000000000000000000020 /* MealCubeTrackerApp.swift */ = {isa = PBXFileReference; lastKnownFileType = sourcecode.swift; path = MealCubeTrackerApp.swift; sourceTree = "<group>"; };
		000000000000000000000021 /* Enums.swift */ = {isa = PBXFileReference; lastKnownFileType = sourcecode.swift; path = Enums.swift; sourceTree = "<group>"; };
		000000000000000000000022 /* FoodItem.swift */ = {isa = PBXFileReference; lastKnownFileType = sourcecode.swift; path = FoodItem.swift; sourceTree = "<group>"; };
		000000000000000000000023 /* Recipe.swift */ = {isa = PBXFileReference; lastKnownFileType = sourcecode.swift; path = Recipe.swift; sourceTree = "<group>"; };
		000000000000000000000024 /* FreezerItem.swift */ = {isa = PBXFileReference; lastKnownFileType = sourcecode.swift; path = FreezerItem.swift; sourceTree = "<group>"; };
		000000000000000000000025 /* MealPlanEntry.swift */ = {isa = PBXFileReference; lastKnownFileType = sourcecode.swift; path = MealPlanEntry.swift; sourceTree = "<group>"; };
		000000000000000000000026 /* StarterData.swift */ = {isa = PBXFileReference; lastKnownFileType = sourcecode.swift; path = StarterData.swift; sourceTree = "<group>"; };
		000000000000000000000027 /* PreviewData.swift */ = {isa = PBXFileReference; lastKnownFileType = sourcecode.swift; path = PreviewData.swift; sourceTree = "<group>"; };
		000000000000000000000028 /* AppRootView.swift */ = {isa = PBXFileReference; lastKnownFileType = sourcecode.swift; path = AppRootView.swift; sourceTree = "<group>"; };
		000000000000000000000029 /* SharedViews.swift */ = {isa = PBXFileReference; lastKnownFileType = sourcecode.swift; path = SharedViews.swift; sourceTree = "<group>"; };
		00000000000000000000002A /* DashboardView.swift */ = {isa = PBXFileReference; lastKnownFileType = sourcecode.swift; path = DashboardView.swift; sourceTree = "<group>"; };
		00000000000000000000002B /* SettingsView.swift */ = {isa = PBXFileReference; lastKnownFileType = sourcecode.swift; path = SettingsView.swift; sourceTree = "<group>"; };
		00000000000000000000002C /* FoodsView.swift */ = {isa = PBXFileReference; lastKnownFileType = sourcecode.swift; path = FoodsView.swift; sourceTree = "<group>"; };
		00000000000000000000002D /* FoodFormView.swift */ = {isa = PBXFileReference; lastKnownFileType = sourcecode.swift; path = FoodFormView.swift; sourceTree = "<group>"; };
		00000000000000000000002E /* RecipesView.swift */ = {isa = PBXFileReference; lastKnownFileType = sourcecode.swift; path = RecipesView.swift; sourceTree = "<group>"; };
		00000000000000000000002F /* RecipeDetailView.swift */ = {isa = PBXFileReference; lastKnownFileType = sourcecode.swift; path = RecipeDetailView.swift; sourceTree = "<group>"; };
		000000000000000000000030 /* RecipeFormView.swift */ = {isa = PBXFileReference; lastKnownFileType = sourcecode.swift; path = RecipeFormView.swift; sourceTree = "<group>"; };
		000000000000000000000031 /* FreezerView.swift */ = {isa = PBXFileReference; lastKnownFileType = sourcecode.swift; path = FreezerView.swift; sourceTree = "<group>"; };
		000000000000000000000032 /* FreezerFormView.swift */ = {isa = PBXFileReference; lastKnownFileType = sourcecode.swift; path = FreezerFormView.swift; sourceTree = "<group>"; };
		000000000000000000000033 /* MealPlanView.swift */ = {isa = PBXFileReference; lastKnownFileType = sourcecode.swift; path = MealPlanView.swift; sourceTree = "<group>"; };
		000000000000000000000034 /* MealPlanFormView.swift */ = {isa = PBXFileReference; lastKnownFileType = sourcecode.swift; path = MealPlanFormView.swift; sourceTree = "<group>"; };
		000000000000000000000036 /* mealcube-hero.png */ = {isa = PBXFileReference; lastKnownFileType = image.png; path = "mealcube-hero.png"; sourceTree = "<group>"; };
		000000000000000000000037 /* cube-trays.png */ = {isa = PBXFileReference; lastKnownFileType = image.png; path = "cube-trays.png"; sourceTree = "<group>"; };
		000000000000000000000038 /* bowl-plan.png */ = {isa = PBXFileReference; lastKnownFileType = image.png; path = "bowl-plan.png"; sourceTree = "<group>"; };
/* End PBXFileReference section */

/* Begin PBXFrameworksBuildPhase section */
		000000000000000000000005 /* Frameworks */ = {
			isa = PBXFrameworksBuildPhase;
			buildActionMask = 2147483647;
			files = (
			);
			runOnlyForDeploymentPostprocessing = 0;
		};
/* End PBXFrameworksBuildPhase section */

/* Begin PBXGroup section */
		000000000000000000000001 = {
			isa = PBXGroup;
			children = (
				00000000000000000000000D /* MealCubeTracker */,
				000000000000000000000011 /* Products */,
			);
			sourceTree = "<group>";
		};
		00000000000000000000000D /* MealCubeTracker */ = {
			isa = PBXGroup;
			children = (
				000000000000000000000020 /* MealCubeTrackerApp.swift */,
				00000000000000000000000E /* Models */,
				00000000000000000000000F /* Data */,
				000000000000000000000035 /* Assets */,
				000000000000000000000010 /* Views */,
			);
			path = MealCubeTracker;
			sourceTree = "<group>";
		};
		000000000000000000000035 /* Assets */ = {
			isa = PBXGroup;
			children = (
				000000000000000000000036 /* mealcube-hero.png */,
				000000000000000000000037 /* cube-trays.png */,
				000000000000000000000038 /* bowl-plan.png */,
			);
			path = Assets;
			sourceTree = "<group>";
		};
		00000000000000000000000E /* Models */ = {
			isa = PBXGroup;
			children = (
				000000000000000000000021 /* Enums.swift */,
				000000000000000000000022 /* FoodItem.swift */,
				000000000000000000000023 /* Recipe.swift */,
				000000000000000000000024 /* FreezerItem.swift */,
				000000000000000000000025 /* MealPlanEntry.swift */,
			);
			path = Models;
			sourceTree = "<group>";
		};
		00000000000000000000000F /* Data */ = {
			isa = PBXGroup;
			children = (
				000000000000000000000026 /* StarterData.swift */,
				000000000000000000000027 /* PreviewData.swift */,
			);
			path = Data;
			sourceTree = "<group>";
		};
		000000000000000000000010 /* Views */ = {
			isa = PBXGroup;
			children = (
				000000000000000000000028 /* AppRootView.swift */,
				000000000000000000000029 /* SharedViews.swift */,
				00000000000000000000002A /* DashboardView.swift */,
				00000000000000000000002B /* SettingsView.swift */,
				00000000000000000000002C /* FoodsView.swift */,
				00000000000000000000002D /* FoodFormView.swift */,
				00000000000000000000002E /* RecipesView.swift */,
				00000000000000000000002F /* RecipeDetailView.swift */,
				000000000000000000000030 /* RecipeFormView.swift */,
				000000000000000000000031 /* FreezerView.swift */,
				000000000000000000000032 /* FreezerFormView.swift */,
				000000000000000000000033 /* MealPlanView.swift */,
				000000000000000000000034 /* MealPlanFormView.swift */,
			);
			path = Views;
			sourceTree = "<group>";
		};
		000000000000000000000011 /* Products */ = {
			isa = PBXGroup;
			children = (
				000000000000000000000002 /* MealCubeTracker.app */,
			);
			name = Products;
			sourceTree = "<group>";
		};
/* End PBXGroup section */

/* Begin PBXNativeTarget section */
		000000000000000000000003 /* MealCubeTracker */ = {
			isa = PBXNativeTarget;
			buildConfigurationList = 000000000000000000000008 /* Build configuration list for PBXNativeTarget "MealCubeTracker" */;
			buildPhases = (
				000000000000000000000004 /* Sources */,
				000000000000000000000005 /* Frameworks */,
				000000000000000000000006 /* Resources */,
			);
			buildRules = (
			);
			dependencies = (
			);
			name = MealCubeTracker;
			packageProductDependencies = (
			);
			productName = MealCubeTracker;
			productReference = 000000000000000000000002 /* MealCubeTracker.app */;
			productType = "com.apple.product-type.application";
		};
/* End PBXNativeTarget section */

/* Begin PBXProject section */
		000000000000000000000012 /* Project object */ = {
			isa = PBXProject;
			attributes = {
				BuildIndependentTargetsInParallel = 1;
				LastSwiftUpdateCheck = 1600;
				LastUpgradeCheck = 1600;
				TargetAttributes = {
					000000000000000000000003 = {
						CreatedOnToolsVersion = 16.0;
					};
				};
			};
			buildConfigurationList = 000000000000000000000007 /* Build configuration list for PBXProject "MealCubeTracker" */;
			compatibilityVersion = "Xcode 14.0";
			developmentRegion = en;
			hasScannedForEncodings = 0;
			knownRegions = (
				en,
				Base,
			);
			mainGroup = 000000000000000000000001;
			productRefGroup = 000000000000000000000011 /* Products */;
			projectDirPath = "";
			projectRoot = "";
			targets = (
				000000000000000000000003 /* MealCubeTracker */,
			);
		};
/* End PBXProject section */

/* Begin PBXResourcesBuildPhase section */
		000000000000000000000006 /* Resources */ = {
			isa = PBXResourcesBuildPhase;
			buildActionMask = 2147483647;
			files = (
				000000000000000000000055 /* mealcube-hero.png in Resources */,
				000000000000000000000056 /* cube-trays.png in Resources */,
				000000000000000000000057 /* bowl-plan.png in Resources */,
			);
			runOnlyForDeploymentPostprocessing = 0;
		};
/* End PBXResourcesBuildPhase section */

/* Begin PBXSourcesBuildPhase section */
		000000000000000000000004 /* Sources */ = {
			isa = PBXSourcesBuildPhase;
			buildActionMask = 2147483647;
			files = (
				000000000000000000000040 /* MealCubeTrackerApp.swift in Sources */,
				000000000000000000000041 /* Enums.swift in Sources */,
				000000000000000000000042 /* FoodItem.swift in Sources */,
				000000000000000000000043 /* Recipe.swift in Sources */,
				000000000000000000000044 /* FreezerItem.swift in Sources */,
				000000000000000000000045 /* MealPlanEntry.swift in Sources */,
				000000000000000000000046 /* StarterData.swift in Sources */,
				000000000000000000000047 /* PreviewData.swift in Sources */,
				000000000000000000000048 /* AppRootView.swift in Sources */,
				000000000000000000000049 /* SharedViews.swift in Sources */,
				00000000000000000000004A /* DashboardView.swift in Sources */,
				00000000000000000000004B /* SettingsView.swift in Sources */,
				00000000000000000000004C /* FoodsView.swift in Sources */,
				00000000000000000000004D /* FoodFormView.swift in Sources */,
				00000000000000000000004E /* RecipesView.swift in Sources */,
				00000000000000000000004F /* RecipeDetailView.swift in Sources */,
				000000000000000000000050 /* RecipeFormView.swift in Sources */,
				000000000000000000000051 /* FreezerView.swift in Sources */,
				000000000000000000000052 /* FreezerFormView.swift in Sources */,
				000000000000000000000053 /* MealPlanView.swift in Sources */,
				000000000000000000000054 /* MealPlanFormView.swift in Sources */,
			);
			runOnlyForDeploymentPostprocessing = 0;
		};
/* End PBXSourcesBuildPhase section */

/* Begin XCBuildConfiguration section */
		000000000000000000000009 /* Debug */ = {
			isa = XCBuildConfiguration;
			buildSettings = {
				ALWAYS_SEARCH_USER_PATHS = NO;
				CLANG_ANALYZER_NONNULL = YES;
				CLANG_ANALYZER_NUMBER_OBJECT_CONVERSION = YES_AGGRESSIVE;
				CLANG_CXX_LANGUAGE_STANDARD = "gnu++20";
				CLANG_ENABLE_MODULES = YES;
				CLANG_ENABLE_OBJC_ARC = YES;
				CLANG_ENABLE_OBJC_WEAK = YES;
				CLANG_WARN_BLOCK_CAPTURE_AUTORELEASING = YES;
				CLANG_WARN_BOOL_CONVERSION = YES;
				CLANG_WARN_COMMA = YES;
				CLANG_WARN_CONSTANT_CONVERSION = YES;
				CLANG_WARN_DEPRECATED_OBJC_IMPLEMENTATIONS = YES;
				CLANG_WARN_DIRECT_OBJC_ISA_USAGE = YES_ERROR;
				CLANG_WARN_DOCUMENTATION_COMMENTS = YES;
				CLANG_WARN_EMPTY_BODY = YES;
				CLANG_WARN_ENUM_CONVERSION = YES;
				CLANG_WARN_INFINITE_RECURSION = YES;
				CLANG_WARN_INT_CONVERSION = YES;
				CLANG_WARN_NON_LITERAL_NULL_CONVERSION = YES;
				CLANG_WARN_OBJC_IMPLICIT_RETAIN_SELF = YES;
				CLANG_WARN_OBJC_LITERAL_CONVERSION = YES;
				CLANG_WARN_OBJC_ROOT_CLASS = YES_ERROR;
				CLANG_WARN_QUOTED_INCLUDE_IN_FRAMEWORK_HEADER = YES;
				CLANG_WARN_RANGE_LOOP_ANALYSIS = YES;
				CLANG_WARN_STRICT_PROTOTYPES = YES;
				CLANG_WARN_SUSPICIOUS_MOVE = YES;
				CLANG_WARN_UNGUARDED_AVAILABILITY = YES_AGGRESSIVE;
				CLANG_WARN_UNREACHABLE_CODE = YES;
				CLANG_WARN__DUPLICATE_METHOD_MATCH = YES;
				COPY_PHASE_STRIP = NO;
				DEBUG_INFORMATION_FORMAT = dwarf;
				ENABLE_STRICT_OBJC_MSGSEND = YES;
				ENABLE_TESTABILITY = YES;
				ENABLE_USER_SCRIPT_SANDBOXING = YES;
				GCC_C_LANGUAGE_STANDARD = gnu17;
				GCC_DYNAMIC_NO_PIC = NO;
				GCC_NO_COMMON_BLOCKS = YES;
				GCC_OPTIMIZATION_LEVEL = 0;
				GCC_PREPROCESSOR_DEFINITIONS = (
					"DEBUG=1",
					"$(inherited)",
				);
				GCC_WARN_64_TO_32_BIT_CONVERSION = YES;
				GCC_WARN_ABOUT_RETURN_TYPE = YES_ERROR;
				GCC_WARN_UNDECLARED_SELECTOR = YES;
				GCC_WARN_UNINITIALIZED_AUTOS = YES_AGGRESSIVE;
				GCC_WARN_UNUSED_FUNCTION = YES;
				GCC_WARN_UNUSED_VARIABLE = YES;
				IPHONEOS_DEPLOYMENT_TARGET = 17.0;
				MTL_ENABLE_DEBUG_INFO = INCLUDE_SOURCE;
				MTL_FAST_MATH = YES;
				ONLY_ACTIVE_ARCH = YES;
				SDKROOT = iphoneos;
				SWIFT_ACTIVE_COMPILATION_CONDITIONS = DEBUG;
				SWIFT_OPTIMIZATION_LEVEL = "-Onone";
			};
			name = Debug;
		};
		00000000000000000000000A /* Release */ = {
			isa = XCBuildConfiguration;
			buildSettings = {
				ALWAYS_SEARCH_USER_PATHS = NO;
				CLANG_ANALYZER_NONNULL = YES;
				CLANG_ANALYZER_NUMBER_OBJECT_CONVERSION = YES_AGGRESSIVE;
				CLANG_CXX_LANGUAGE_STANDARD = "gnu++20";
				CLANG_ENABLE_MODULES = YES;
				CLANG_ENABLE_OBJC_ARC = YES;
				CLANG_ENABLE_OBJC_WEAK = YES;
				CLANG_WARN_BLOCK_CAPTURE_AUTORELEASING = YES;
				CLANG_WARN_BOOL_CONVERSION = YES;
				CLANG_WARN_COMMA = YES;
				CLANG_WARN_CONSTANT_CONVERSION = YES;
				CLANG_WARN_DEPRECATED_OBJC_IMPLEMENTATIONS = YES;
				CLANG_WARN_DIRECT_OBJC_ISA_USAGE = YES_ERROR;
				CLANG_WARN_DOCUMENTATION_COMMENTS = YES;
				CLANG_WARN_EMPTY_BODY = YES;
				CLANG_WARN_ENUM_CONVERSION = YES;
				CLANG_WARN_INFINITE_RECURSION = YES;
				CLANG_WARN_INT_CONVERSION = YES;
				CLANG_WARN_NON_LITERAL_NULL_CONVERSION = YES_AGGRESSIVE;
				CLANG_WARN_OBJC_IMPLICIT_RETAIN_SELF = YES;
				CLANG_WARN_OBJC_LITERAL_CONVERSION = YES;
				CLANG_WARN_OBJC_ROOT_CLASS = YES_ERROR;
				CLANG_WARN_QUOTED_INCLUDE_IN_FRAMEWORK_HEADER = YES;
				CLANG_WARN_RANGE_LOOP_ANALYSIS = YES;
				CLANG_WARN_STRICT_PROTOTYPES = YES;
				CLANG_WARN_SUSPICIOUS_MOVE = YES;
				CLANG_WARN_UNGUARDED_AVAILABILITY = YES_AGGRESSIVE;
				CLANG_WARN_UNREACHABLE_CODE = YES;
				CLANG_WARN__DUPLICATE_METHOD_MATCH = YES;
				COPY_PHASE_STRIP = NO;
				DEBUG_INFORMATION_FORMAT = "dwarf-with-dsym";
				ENABLE_NS_ASSERTIONS = NO;
				ENABLE_STRICT_OBJC_MSGSEND = YES;
				ENABLE_USER_SCRIPT_SANDBOXING = YES;
				GCC_C_LANGUAGE_STANDARD = gnu17;
				GCC_NO_COMMON_BLOCKS = YES;
				GCC_WARN_64_TO_32_BIT_CONVERSION = YES;
				GCC_WARN_ABOUT_RETURN_TYPE = YES_ERROR;
				GCC_WARN_UNDECLARED_SELECTOR = YES;
				GCC_WARN_UNINITIALIZED_AUTOS = YES_AGGRESSIVE;
				GCC_WARN_UNUSED_FUNCTION = YES;
				GCC_WARN_UNUSED_VARIABLE = YES;
				IPHONEOS_DEPLOYMENT_TARGET = 17.0;
				MTL_ENABLE_DEBUG_INFO = NO;
				MTL_FAST_MATH = YES;
				SDKROOT = iphoneos;
				SWIFT_COMPILATION_MODE = wholemodule;
				VALIDATE_PRODUCT = YES;
			};
			name = Release;
		};
		00000000000000000000000B /* Debug */ = {
			isa = XCBuildConfiguration;
			buildSettings = {
				CODE_SIGN_STYLE = Automatic;
				CURRENT_PROJECT_VERSION = 1;
				DEVELOPMENT_TEAM = "";
				GENERATE_INFOPLIST_FILE = YES;
				INFOPLIST_KEY_CFBundleDisplayName = "MealCube Tracker";
				INFOPLIST_KEY_LSApplicationCategoryType = "public.app-category.healthcare-fitness";
				INFOPLIST_KEY_UIApplicationSupportsIndirectInputEvents = YES;
				INFOPLIST_KEY_UILaunchScreen_Generation = YES;
				IPHONEOS_DEPLOYMENT_TARGET = 17.0;
				MARKETING_VERSION = 1.0;
				PRODUCT_BUNDLE_IDENTIFIER = com.justinkobely.MealCubeTracker;
				PRODUCT_NAME = "$(TARGET_NAME)";
				SUPPORTED_PLATFORMS = "iphoneos iphonesimulator";
				SUPPORTS_MACCATALYST = NO;
				SWIFT_EMIT_LOC_STRINGS = YES;
				SWIFT_VERSION = 5.0;
				TARGETED_DEVICE_FAMILY = 1;
			};
			name = Debug;
		};
		00000000000000000000000C /* Release */ = {
			isa = XCBuildConfiguration;
			buildSettings = {
				CODE_SIGN_STYLE = Automatic;
				CURRENT_PROJECT_VERSION = 1;
				DEVELOPMENT_TEAM = "";
				GENERATE_INFOPLIST_FILE = YES;
				INFOPLIST_KEY_CFBundleDisplayName = "MealCube Tracker";
				INFOPLIST_KEY_LSApplicationCategoryType = "public.app-category.healthcare-fitness";
				INFOPLIST_KEY_UIApplicationSupportsIndirectInputEvents = YES;
				INFOPLIST_KEY_UILaunchScreen_Generation = YES;
				IPHONEOS_DEPLOYMENT_TARGET = 17.0;
				MARKETING_VERSION = 1.0;
				PRODUCT_BUNDLE_IDENTIFIER = com.justinkobely.MealCubeTracker;
				PRODUCT_NAME = "$(TARGET_NAME)";
				SUPPORTED_PLATFORMS = "iphoneos iphonesimulator";
				SUPPORTS_MACCATALYST = NO;
				SWIFT_EMIT_LOC_STRINGS = YES;
				SWIFT_VERSION = 5.0;
				TARGETED_DEVICE_FAMILY = 1;
			};
			name = Release;
		};
/* End XCBuildConfiguration section */

/* Begin XCConfigurationList section */
		000000000000000000000007 /* Build configuration list for PBXProject "MealCubeTracker" */ = {
			isa = XCConfigurationList;
			buildConfigurations = (
				000000000000000000000009 /* Debug */,
				00000000000000000000000A /* Release */,
			);
			defaultConfigurationIsVisible = 0;
			defaultConfigurationName = Release;
		};
		000000000000000000000008 /* Build configuration list for PBXNativeTarget "MealCubeTracker" */ = {
			isa = XCConfigurationList;
			buildConfigurations = (
				00000000000000000000000B /* Debug */,
				00000000000000000000000C /* Release */,
			);
			defaultConfigurationIsVisible = 0;
			defaultConfigurationName = Release;
		};
/* End XCConfigurationList section */
	};
	rootObject = 000000000000000000000012 /* Project object */;
}
